
Microsoft Visual Studio Solution File, Format Version 11.00
# Visual Studio 2010
Project("{FAE04EC0-301F-11D3-BF4B-00C04F79EFBC}") = "NodeA", "NodeA\NodeA.csproj", "{19727575-E593-483F-A1FF-7447D849932B}"
EndProject
Project("{54435603-DBB4-11D2-8724-00A0C9A8B90C}") = "SetupA", "..\NodeASetup\SetupA\SetupA.vdproj", "{E14D4A15-FAE2-4927-88CB-75BC022AD604}"
EndProject
Global
	GlobalSection(SolutionConfigurationPlatforms) = preSolution
		Debug|x86 = Debug|x86
		Release|x86 = Release|x86
	EndGlobalSection
	GlobalSection(ProjectConfigurationPlatforms) = postSolution
		{19727575-E593-483F-A1FF-7447D849932B}.Debug|x86.ActiveCfg = Debug|x86
		{19727575-E593-483F-A1FF-7447D849932B}.Debug|x86.Build.0 = Debug|x86
		{19727575-E593-483F-A1FF-7447D849932B}.Release|x86.ActiveCfg = Release|x86
		{19727575-E593-483F-A1FF-7447D849932B}.Release|x86.Build.0 = Release|x86
		{E14D4A15-FAE2-4927-88CB-75BC022AD604}.Debug|x86.ActiveCfg = Debug
		{E14D4A15-FAE2-4927-88CB-75BC022AD604}.Release|x86.ActiveCfg = Release
	EndGlobalSection
	GlobalSection(SolutionProperties) = preSolution
		HideSolutionNode = FALSE
	EndGlobalSection
EndGlobal
